// !$*UTF8*$!
{
	archiveVersion = 1;
	classes = {
	};
	objectVersion = 77;
	objects = {

/* Begin PBXContainerItemProxy section */
		8A5421012D2AA6A1005F6625 /* PBXContainerItemProxy */ = {
			isa = PBXContainerItemProxy;
			containerPortal = 8A5420E82D2AA6A0005F6625 /* Project object */;
			proxyType = 1;
			remoteGlobalIDString = 8A5420EF2D2AA6A0005F6625;
			remoteInfo = kg;
		};
		8A54210B2D2AA6A1005F6625 /* PBXContainerItemProxy */ = {
			isa = PBXContainerItemProxy;
			containerPortal = 8A5420E82D2AA6A0005F6625 /* Project object */;
			proxyType = 1;
			remoteGlobalIDString = 8A5420EF2D2AA6A0005F6625;
			remoteInfo = kg;
		};
/* End PBXContainerItemProxy section */

/* Begin PBXFileReference section */
		8A5420F02D2AA6A0005F6625 /* kg.app */ = {isa = PBXFileReference; explicitFileType = wrapper.application; includeInIndex = 0; path = kg.app; sourceTree = BUILT_PRODUCTS_DIR; };
		8A5421002D2AA6A1005F6625 /* kgTests.xctest */ = {isa = PBXFileReference; explicitFileType = wrapper.cfbundle; includeInIndex = 0; path = kgTests.xctest; sourceTree = BUILT_PRODUCTS_DIR; };
		8A54210A2D2AA6A1005F6625 /* kgUITests.xctest */ = {isa = PBXFileReference; explicitFileType = wrapper.cfbundle; includeInIndex = 0; path = kgUITests.xctest; sourceTree = BUILT_PRODUCTS_DIR; };
/* End PBXFileReference section */

/* Begin PBXFileSystemSynchronizedRootGroup section */
		8A5420F22D2AA6A0005F6625 /* kg */ = {
			isa = PBXFileSystemSynchronizedRootGroup;
			path = kg;
			sourceTree = "<group>";
		};
		8A5421032D2AA6A1005F6625 /* kgTests */ = {
			isa = PBXFileSystemSynchronizedRootGroup;
			path = kgTests;
			sourceTree = "<group>";
		};
		8A54210D2D2AA6A1005F6625 /* kgUITests */ = {
			isa = PBXFileSystemSynchronizedRootGroup;
			path = kgUITests;
			sourceTree = "<group>";
		};
/* End PBXFileSystemSynchronizedRootGroup section */

/* Begin PBXFrameworksBuildPhase section */
		8A5420ED2D2AA6A0005F6625 /* Frameworks */ = {
			isa = PBXFrameworksBuildPhase;
			buildActionMask = 2147483647;
			files = (
			);
			runOnlyForDeploymentPostprocessing = 0;
		};
		8A5420FD2D2AA6A1005F6625 /* Frameworks */ = {
			isa = PBXFrameworksBuildPhase;
			buildActionMask = 2147483647;
			files = (
			);
			runOnlyForDeploymentPostprocessing = 0;
		};
		8A5421072D2AA6A1005F6625 /* Frameworks */ = {
			isa = PBXFrameworksBuildPhase;
			buildActionMask = 2147483647;
			files = (
			);
			runOnlyForDeploymentPostprocessing = 0;
		};
/* End PBXFrameworksBuildPhase section */

/* Begin PBXGroup section */
		8A5420E72D2AA6A0005F6625 = {
			isa = PBXGroup;
			children = (
				8A5420F22D2AA6A0005F6625 /* kg */,
				8A5421032D2AA6A1005F6625 /* kgTests */,
				8A54210D2D2AA6A1005F6625 /* kgUITests */,
				8A5420F12D2AA6A0005F6625 /* Products */,
			);
			sourceTree = "<group>";
		};
		8A5420F12D2AA6A0005F6625 /* Products */ = {
			isa = PBXGroup;
			children = (
				8A5420F02D2AA6A0005F6625 /* kg.app */,
				8A5421002D2AA6A1005F6625 /* kgTests.xctest */,
				8A54210A2D2AA6A1005F6625 /* kgUITests.xctest */,
			);
			name = Products;
			sourceTree = "<group>";
		};
/* End PBXGroup section */

/* Begin PBXNativeTarget section */
		8A5420EF2D2AA6A0005F6625 /* kg */ = {
			isa = PBXNativeTarget;
			buildConfigurationList = 8A5421142D2AA6A1005F6625 /* Build configuration list for PBXNativeTarget "kg" */;
			buildPhases = (
				8A5420EC2D2AA6A0005F6625 /* Sources */,
				8A5420ED2D2AA6A0005F6625 /* Frameworks */,
				8A5420EE2D2AA6A0005F6625 /* Resources */,
			);
			buildRules = (
			);
			dependencies = (
			);
			fileSystemSynchronizedGroups = (
				8A5420F22D2AA6A0005F6625 /* kg */,
			);
			name = kg;
			packageProductDependencies = (
			);
			productName = kg;
			productReference = 8A5420F02D2AA6A0005F6625 /* kg.app */;
			productType = "com.apple.product-type.application";
		};
		8A5420FF2D2AA6A1005F6625 /* kgTests */ = {
			isa = PBXNativeTarget;
			buildConfigurationList = 8A5421172D2AA6A1005F6625 /* Build configuration list for PBXNativeTarget "kgTests" */;
			buildPhases = (
				8A5420FC2D2AA6A1005F6625 /* Sources */,
				8A5420FD2D2AA6A1005F6625 /* Frameworks */,
				8A5420FE2D2AA6A1005F6625 /* Resources */,
			);
			buildRules = (
			);
			dependencies = (
				8A5421022D2AA6A1005F6625 /* PBXTargetDependency */,
			);
			fileSystemSynchronizedGroups = (
				8A5421032D2AA6A1005F6625 /* kgTests */,
			);
			name = kgTests;
			packageProductDependencies = (
			);
			productName = kgTests;
			productReference = 8A5421002D2AA6A1005F6625 /* kgTests.xctest */;
			productType = "com.apple.product-type.bundle.unit-test";
		};
		8A5421092D2AA6A1005F6625 /* kgUITests */ = {
			isa = PBXNativeTarget;
			buildConfigurationList = 8A54211A2D2AA6A1005F6625 /* Build configuration list for PBXNativeTarget "kgUITests" */;
			buildPhases = (
				8A5421062D2AA6A1005F6625 /* Sources */,
				8A5421072D2AA6A1005F6625 /* Frameworks */,
				8A5421082D2AA6A1005F6625 /* Resources */,
			);
			buildRules = (
			);
			dependencies = (
				8A54210C2D2AA6A1005F6625 /* PBXTargetDependency */,
			);
			fileSystemSynchronizedGroups = (
				8A54210D2D2AA6A1005F6625 /* kgUITests */,
			);
			name = kgUITests;
			packageProductDependencies = (
			);
			productName = kgUITests;
			productReference = 8A54210A2D2AA6A1005F6625 /* kgUITests.xctest */;
			productType = "com.apple.product-type.bundle.ui-testing";
		};
/* End PBXNativeTarget section */

/* Begin PBXProject section */
		8A5420E82D2AA6A0005F6625 /* Project object */ = {
			isa = PBXProject;
			attributes = {
				BuildIndependentTargetsInParallel = 1;
				LastSwiftUpdateCheck = 1610;
				LastUpgradeCheck = 1610;
				TargetAttributes = {
					8A5420EF2D2AA6A0005F6625 = {
						CreatedOnToolsVersion = 16.1;
					};
					8A5420FF2D2AA6A1005F6625 = {
						CreatedOnToolsVersion = 16.1;
						TestTargetID = 8A5420EF2D2AA6A0005F6625;
					};
					8A5421092D2AA6A1005F6625 = {
						CreatedOnToolsVersion = 16.1;
						TestTargetID = 8A5420EF2D2AA6A0005F6625;
					};
				};
			};
			buildConfigurationList = 8A5420EB2D2AA6A0005F6625 /* Build configuration list for PBXProject "kg" */;
			developmentRegion = en;
			hasScannedForEncodings = 0;
			knownRegions = (
				en,
				Base,
			);
			mainGroup = 8A5420E72D2AA6A0005F6625;
			minimizedProjectReferenceProxies = 1;
			preferredProjectObjectVersion = 77;
			productRefGroup = 8A5420F12D2AA6A0005F6625 /* Products */;
			projectDirPath = "";
			projectRoot = "";
			targets = (
				8A5420EF2D2AA6A0005F6625 /* kg */,
				8A5420FF2D2AA6A1005F6625 /* kgTests */,
				8A5421092D2AA6A1005F6625 /* kgUITests */,
			);
		};
/* End PBXProject section */

/* Begin PBXResourcesBuildPhase section */
		8A5420EE2D2AA6A0005F6625 /* Resources */ = {
			isa = PBXResourcesBuildPhase;
			buildActionMask = 2147483647;
			files = (
			);
			runOnlyForDeploymentPostprocessing = 0;
		};
		8A5420FE2D2AA6A1005F6625 /* Resources */ = {
			isa = PBXResourcesBuildPhase;
			buildActionMask = 2147483647;
			files = (
			);
			runOnlyForDeploymentPostprocessing = 0;
		};
		8A5421082D2AA6A1005F6625 /* Resources */ = {
			isa = PBXResourcesBuildPhase;
			buildActionMask = 2147483647;
			files = (
			);
			runOnlyForDeploymentPostprocessing = 0;
		};
/* End PBXResourcesBuildPhase section */

/* Begin PBXSourcesBuildPhase section */
		8A5420EC2D2AA6A0005F6625 /* Sources */ = {
			isa = PBXSourcesBuildPhase;
			buildActionMask = 2147483647;
			files = (
			);
			runOnlyForDeploymentPostprocessing = 0;
		};
		8A5420FC2D2AA6A1005F6625 /* Sources */ = {
			isa = PBXSourcesBuildPhase;
			buildActionMask = 2147483647;
			files = (
			);
			runOnlyForDeploymentPostprocessing = 0;
		};
		8A5421062D2AA6A1005F6625 /* Sources */ = {
			isa = PBXSourcesBuildPhase;
			buildActionMask = 2147483647;
			files = (
			);
			runOnlyForDeploymentPostprocessing = 0;
		};
/* End PBXSourcesBuildPhase section */

/* Begin PBXTargetDependency section */
		8A5421022D2AA6A1005F6625 /* PBXTargetDependency */ = {
			isa = PBXTargetDependency;
			target = 8A5420EF2D2AA6A0005F6625 /* kg */;
			targetProxy = 8A5421012D2AA6A1005F6625 /* PBXContainerItemProxy */;
		};
		8A54210C2D2AA6A1005F6625 /* PBXTargetDependency */ = {
			isa = PBXTargetDependency;
			target = 8A5420EF2D2AA6A0005F6625 /* kg */;
			targetProxy = 8A54210B2D2AA6A1005F6625 /* PBXContainerItemProxy */;
		};
/* End PBXTargetDependency section */

/* Begin XCBuildConfiguration section */
		8A5421122D2AA6A1005F6625 /* Debug */ = {
			isa = XCBuildConfiguration;
			buildSettings = {
				ALWAYS_SEARCH_USER_PATHS = NO;
				ASSETCATALOG_COMPILER_GENERATE_SWIFT_ASSET_SYMBOL_EXTENSIONS = YES;
				CLANG_ANALYZER_NONNULL = YES;
				CLANG_ANALYZER_NUMBER_OBJECT_CONVERSION = YES_AGGRESSIVE;
				CLANG_CXX_LANGUAGE_STANDARD = "gnu++20";
				CLANG_ENABLE_MODULES = YES;
				CLANG_ENABLE_OBJC_ARC = YES;
				CLANG_ENABLE_OBJC_WEAK = YES;
				CLANG_WARN_BLOCK_CAPTURE_AUTORELEASING = YES;
				CLANG_WARN_BOOL_CONVERSION = YES;
				CLANG_WARN_COMMA = YES;
				CLANG_WARN_CONSTANT_CONVERSION = YES;
				CLANG_WARN_DEPRECATED_OBJC_IMPLEMENTATIONS = YES;
				CLANG_WARN_DIRECT_OBJC_ISA_USAGE = YES_ERROR;
				CLANG_WARN_DOCUMENTATION_COMMENTS = YES;
				CLANG_WARN_EMPTY_BODY = YES;
				CLANG_WARN_ENUM_CONVERSION = YES;
				CLANG_WARN_INFINITE_RECURSION = YES;
				CLANG_WARN_INT_CONVERSION = YES;
				CLANG_WARN_NON_LITERAL_NULL_CONVERSION = YES;
				CLANG_WARN_OBJC_IMPLICIT_RETAIN_SELF = YES;
				CLANG_WARN_OBJC_LITERAL_CONVERSION = YES;
				CLANG_WARN_OBJC_ROOT_CLASS = YES_ERROR;
				CLANG_WARN_QUOTED_INCLUDE_IN_FRAMEWORK_HEADER = YES;
				CLANG_WARN_RANGE_LOOP_ANALYSIS = YES;
				CLANG_WARN_STRICT_PROTOTYPES = YES;
				CLANG_WARN_SUSPICIOUS_MOVE = YES;
				CLANG_WARN_UNGUARDED_AVAILABILITY = YES_AGGRESSIVE;
				CLANG_WARN_UNREACHABLE_CODE = YES;
				CLANG_WARN__DUPLICATE_METHOD_MATCH = YES;
				COPY_PHASE_STRIP = NO;
				DEBUG_INFORMATION_FORMAT = dwarf;
				ENABLE_STRICT_OBJC_MSGSEND = YES;
				ENABLE_TESTABILITY = YES;
				ENABLE_USER_SCRIPT_SANDBOXING = YES;
				GCC_C_LANGUAGE_STANDARD = gnu17;
				GCC_DYNAMIC_NO_PIC = NO;
				GCC_NO_COMMON_BLOCKS = YES;
				GCC_OPTIMIZATION_LEVEL = 0;
				GCC_PREPROCESSOR_DEFINITIONS = (
					"DEBUG=1",
					"$(inherited)",
				);
				GCC_WARN_64_TO_32_BIT_CONVERSION = YES;
				GCC_WARN_ABOUT_RETURN_TYPE = YES_ERROR;
				GCC_WARN_UNDECLARED_SELECTOR = YES;
				GCC_WARN_UNINITIALIZED_AUTOS = YES_AGGRESSIVE;
				GCC_WARN_UNUSED_FUNCTION = YES;
				GCC_WARN_UNUSED_VARIABLE = YES;
				IPHONEOS_DEPLOYMENT_TARGET = 18.1;
				LOCALIZATION_PREFERS_STRING_CATALOGS = YES;
				MTL_ENABLE_DEBUG_INFO = INCLUDE_SOURCE;
				MTL_FAST_MATH = YES;
				ONLY_ACTIVE_ARCH = YES;
				SDKROOT = iphoneos;
				SWIFT_ACTIVE_COMPILATION_CONDITIONS = "DEBUG $(inherited)";
				SWIFT_OPTIMIZATION_LEVEL = "-Onone";
			};
			name = Debug;
		};
		8A5421132D2AA6A1005F6625 /* Release */ = {
			isa = XCBuildConfiguration;
			buildSettings = {
				ALWAYS_SEARCH_USER_PATHS = NO;
				ASSETCATALOG_COMPILER_GENERATE_SWIFT_ASSET_SYMBOL_EXTENSIONS = YES;
				CLANG_ANALYZER_NONNULL = YES;
				CLANG_ANALYZER_NUMBER_OBJECT_CONVERSION = YES_AGGRESSIVE;
				CLANG_CXX_LANGUAGE_STANDARD = "gnu++20";
				CLANG_ENABLE_MODULES = YES;
				CLANG_ENABLE_OBJC_ARC = YES;
				CLANG_ENABLE_OBJC_WEAK = YES;
				CLANG_WARN_BLOCK_CAPTURE_AUTORELEASING = YES;
				CLANG_WARN_BOOL_CONVERSION = YES;
				CLANG_WARN_COMMA = YES;
				CLANG_WARN_CONSTANT_CONVERSION = YES;
				CLANG_WARN_DEPRECATED_OBJC_IMPLEMENTATIONS = YES;
				CLANG_WARN_DIRECT_OBJC_ISA_USAGE = YES_ERROR;
				CLANG_WARN_DOCUMENTATION_COMMENTS = YES;
				CLANG_WARN_EMPTY_BODY = YES;
				CLANG_WARN_ENUM_CONVERSION = YES;
				CLANG_WARN_INFINITE_RECURSION = YES;
				CLANG_WARN_INT_CONVERSION = YES;
				CLANG_WARN_NON_LITERAL_NULL_CONVERSION = YES;
				CLANG_WARN_OBJC_IMPLICIT_RETAIN_SELF = YES;
				CLANG_WARN_OBJC_LITERAL_CONVERSION = YES;
				CLANG_WARN_OBJC_ROOT_CLASS = YES_ERROR;
				CLANG_WARN_QUOTED_INCLUDE_IN_FRAMEWORK_HEADER = YES;
				CLANG_WARN_RANGE_LOOP_ANALYSIS = YES;
				CLANG_WARN_STRICT_PROTOTYPES = YES;
				CLANG_WARN_SUSPICIOUS_MOVE = YES;
				CLANG_WARN_UNGUARDED_AVAILABILITY = YES_AGGRESSIVE;
				CLANG_WARN_UNREACHABLE_CODE = YES;
				CLANG_WARN__DUPLICATE_METHOD_MATCH = YES;
				COPY_PHASE_STRIP = NO;
				DEBUG_INFORMATION_FORMAT = "dwarf-with-dsym";
				ENABLE_NS_ASSERTIONS = NO;
				ENABLE_STRICT_OBJC_MSGSEND = YES;
				ENABLE_USER_SCRIPT_SANDBOXING = YES;
				GCC_C_LANGUAGE_STANDARD = gnu17;
				GCC_NO_COMMON_BLOCKS = YES;
				GCC_WARN_64_TO_32_BIT_CONVERSION = YES;
				GCC_WARN_ABOUT_RETURN_TYPE = YES_ERROR;
				GCC_WARN_UNDECLARED_SELECTOR = YES;
				GCC_WARN_UNINITIALIZED_AUTOS = YES_AGGRESSIVE;
				GCC_WARN_UNUSED_FUNCTION = YES;
				GCC_WARN_UNUSED_VARIABLE = YES;
				IPHONEOS_DEPLOYMENT_TARGET = 18.1;
				LOCALIZATION_PREFERS_STRING_CATALOGS = YES;
				MTL_ENABLE_DEBUG_INFO = NO;
				MTL_FAST_MATH = YES;
				SDKROOT = iphoneos;
				SWIFT_COMPILATION_MODE = wholemodule;
				VALIDATE_PRODUCT = YES;
			};
			name = Release;
		};
		8A5421152D2AA6A1005F6625 /* Debug */ = {
			isa = XCBuildConfiguration;
			buildSettings = {
				ASSETCATALOG_COMPILER_APPICON_NAME = AppIcon;
				ASSETCATALOG_COMPILER_GLOBAL_ACCENT_COLOR_NAME = AccentColor;
				CODE_SIGN_STYLE = Automatic;
				CURRENT_PROJECT_VERSION = 1;
				DEVELOPMENT_ASSET_PATHS = "\"kg/Preview Content\"";
				DEVELOPMENT_TEAM = 2LJGUW58DM;
				ENABLE_PREVIEWS = YES;
				GENERATE_INFOPLIST_FILE = YES;
				INFOPLIST_KEY_UIApplicationSceneManifest_Generation = YES;
				INFOPLIST_KEY_UIApplicationSupportsIndirectInputEvents = YES;
				INFOPLIST_KEY_UILaunchScreen_Generation = YES;
				INFOPLIST_KEY_UISupportedInterfaceOrientations_iPad = "UIInterfaceOrientationPortrait UIInterfaceOrientationPortraitUpsideDown UIInterfaceOrientationLandscapeLeft UIInterfaceOrientationLandscapeRight";
				INFOPLIST_KEY_UISupportedInterfaceOrientations_iPhone = "UIInterfaceOrientationPortrait UIInterfaceOrientationLandscapeLeft UIInterfaceOrientationLandscapeRight";
				LD_RUNPATH_SEARCH_PATHS = (
					"$(inherited)",
					"@executable_path/Frameworks",
				);
				MARKETING_VERSION = 1.0;
				PRODUCT_BUNDLE_IDENTIFIER = home.kg;
				PRODUCT_NAME = "$(TARGET_NAME)";
				SWIFT_EMIT_LOC_STRINGS = YES;
				SWIFT_VERSION = 5.0;
				TARGETED_DEVICE_FAMILY = "1,2";
			};
			name = Debug;
		};
		8A5421162D2AA6A1005F6625 /* Release */ = {
			isa = XCBuildConfiguration;
			buildSettings = {
				ASSETCATALOG_COMPILER_APPICON_NAME = AppIcon;
				ASSETCATALOG_COMPILER_GLOBAL_ACCENT_COLOR_NAME = AccentColor;
				CODE_SIGN_STYLE = Automatic;
				CURRENT_PROJECT_VERSION = 1;
				DEVELOPMENT_ASSET_PATHS = "\"kg/Preview Content\"";
				DEVELOPMENT_TEAM = 2LJGUW58DM;
				ENABLE_PREVIEWS = YES;
				GENERATE_INFOPLIST_FILE = YES;
				INFOPLIST_KEY_UIApplicationSceneManifest_Generation = YES;
				INFOPLIST_KEY_UIApplicationSupportsIndirectInputEvents = YES;
				INFOPLIST_KEY_UILaunchScreen_Generation = YES;
				INFOPLIST_KEY_UISupportedInterfaceOrientations_iPad = "UIInterfaceOrientationPortrait UIInterfaceOrientationPortraitUpsideDown UIInterfaceOrientationLandscapeLeft UIInterfaceOrientationLandscapeRight";
				INFOPLIST_KEY_UISupportedInterfaceOrientations_iPhone = "UIInterfaceOrientationPortrait UIInterfaceOrientationLandscapeLeft UIInterfaceOrientationLandscapeRight";
				LD_RUNPATH_SEARCH_PATHS = (
					"$(inherited)",
					"@executable_path/Frameworks",
				);
				MARKETING_VERSION = 1.0;
				PRODUCT_BUNDLE_IDENTIFIER = home.kg;
				PRODUCT_NAME = "$(TARGET_NAME)";
				SWIFT_EMIT_LOC_STRINGS = YES;
				SWIFT_VERSION = 5.0;
				TARGETED_DEVICE_FAMILY = "1,2";
			};
			name = Release;
		};
		8A5421182D2AA6A1005F6625 /* Debug */ = {
			isa = XCBuildConfiguration;
			buildSettings = {
				BUNDLE_LOADER = "$(TEST_HOST)";
				CODE_SIGN_STYLE = Automatic;
				CURRENT_PROJECT_VERSION = 1;
				DEVELOPMENT_TEAM = 2LJGUW58DM;
				GENERATE_INFOPLIST_FILE = YES;
				IPHONEOS_DEPLOYMENT_TARGET = 18.1;
				MARKETING_VERSION = 1.0;
				PRODUCT_BUNDLE_IDENTIFIER = home.kgTests;
				PRODUCT_NAME = "$(TARGET_NAME)";
				SWIFT_EMIT_LOC_STRINGS = NO;
				SWIFT_VERSION = 5.0;
				TARGETED_DEVICE_FAMILY = "1,2";
				TEST_HOST = "$(BUILT_PRODUCTS_DIR)/kg.app/$(BUNDLE_EXECUTABLE_FOLDER_PATH)/kg";
			};
			name = Debug;
		};
		8A5421192D2AA6A1005F6625 /* Release */ = {
			isa = XCBuildConfiguration;
			buildSettings = {
				BUNDLE_LOADER = "$(TEST_HOST)";
				CODE_SIGN_STYLE = Automatic;
				CURRENT_PROJECT_VERSION = 1;
				DEVELOPMENT_TEAM = 2LJGUW58DM;
				GENERATE_INFOPLIST_FILE = YES;
				IPHONEOS_DEPLOYMENT_TARGET = 18.1;
				MARKETING_VERSION = 1.0;
				PRODUCT_BUNDLE_IDENTIFIER = home.kgTests;
				PRODUCT_NAME = "$(TARGET_NAME)";
				SWIFT_EMIT_LOC_STRINGS = NO;
				SWIFT_VERSION = 5.0;
				TARGETED_DEVICE_FAMILY = "1,2";
				TEST_HOST = "$(BUILT_PRODUCTS_DIR)/kg.app/$(BUNDLE_EXECUTABLE_FOLDER_PATH)/kg";
			};
			name = Release;
		};
		8A54211B2D2AA6A1005F6625 /* Debug */ = {
			isa = XCBuildConfiguration;
			buildSettings = {
				CODE_SIGN_STYLE = Automatic;
				CURRENT_PROJECT_VERSION = 1;
				DEVELOPMENT_TEAM = 2LJGUW58DM;
				GENERATE_INFOPLIST_FILE = YES;
				MARKETING_VERSION = 1.0;
				PRODUCT_BUNDLE_IDENTIFIER = home.kgUITests;
				PRODUCT_NAME = "$(TARGET_NAME)";
				SWIFT_EMIT_LOC_STRINGS = NO;
				SWIFT_VERSION = 5.0;
				TARGETED_DEVICE_FAMILY = "1,2";
				TEST_TARGET_NAME = kg;
			};
			name = Debug;
		};
		8A54211C2D2AA6A1005F6625 /* Release */ = {
			isa = XCBuildConfiguration;
			buildSettings = {
				CODE_SIGN_STYLE = Automatic;
				CURRENT_PROJECT_VERSION = 1;
				DEVELOPMENT_TEAM = 2LJGUW58DM;
				GENERATE_INFOPLIST_FILE = YES;
				MARKETING_VERSION = 1.0;
				PRODUCT_BUNDLE_IDENTIFIER = home.kgUITests;
				PRODUCT_NAME = "$(TARGET_NAME)";
				SWIFT_EMIT_LOC_STRINGS = NO;
				SWIFT_VERSION = 5.0;
				TARGETED_DEVICE_FAMILY = "1,2";
				TEST_TARGET_NAME = kg;
			};
			name = Release;
		};
/* End XCBuildConfiguration section */

/* Begin XCConfigurationList section */
		8A5420EB2D2AA6A0005F6625 /* Build configuration list for PBXProject "kg" */ = {
			isa = XCConfigurationList;
			buildConfigurations = (
				8A5421122D2AA6A1005F6625 /* Debug */,
				8A5421132D2AA6A1005F6625 /* Release */,
			);
			defaultConfigurationIsVisible = 0;
			defaultConfigurationName = Release;
		};
		8A5421142D2AA6A1005F6625 /* Build configuration list for PBXNativeTarget "kg" */ = {
			isa = XCConfigurationList;
			buildConfigurations = (
				8A5421152D2AA6A1005F6625 /* Debug */,
				8A5421162D2AA6A1005F6625 /* Release */,
			);
			defaultConfigurationIsVisible = 0;
			defaultConfigurationName = Release;
		};
		8A5421172D2AA6A1005F6625 /* Build configuration list for PBXNativeTarget "kgTests" */ = {
			isa = XCConfigurationList;
			buildConfigurations = (
				8A5421182D2AA6A1005F6625 /* Debug */,
				8A5421192D2AA6A1005F6625 /* Release */,
			);
			defaultConfigurationIsVisible = 0;
			defaultConfigurationName = Release;
		};
		8A54211A2D2AA6A1005F6625 /* Build configuration list for PBXNativeTarget "kgUITests" */ = {
			isa = XCConfigurationList;
			buildConfigurations = (
				8A54211B2D2AA6A1005F6625 /* Debug */,
				8A54211C2D2AA6A1005F6625 /* Release */,
			);
			defaultConfigurationIsVisible = 0;
			defaultConfigurationName = Release;
		};
/* End XCConfigurationList section */
	};
	rootObject = 8A5420E82D2AA6A0005F6625 /* Project object */;
}
